// !$*UTF8*$!
{
	archiveVersion = 1;
	classes = {
	};
	objectVersion = 46;
	objects = {

/* Begin PBXBuildFile section */
		B0558A351923BE5A00622D7B /* Foundation.framework in Frameworks */ = {isa = PBXBuildFile; fileRef = B0558A341923BE5A00622D7B /* Foundation.framework */; };
		B0558A371923BE5A00622D7B /* CoreGraphics.framework in Frameworks */ = {isa = PBXBuildFile; fileRef = B0558A361923BE5A00622D7B /* CoreGraphics.framework */; };
		B0558A391923BE5A00622D7B /* UIKit.framework in Frameworks */ = {isa = PBXBuildFile; fileRef = B0558A381923BE5A00622D7B /* UIKit.framework */; };
		B0558A3F1923BE5A00622D7B /* InfoPlist.strings in Resources */ = {isa = PBXBuildFile; fileRef = B0558A3D1923BE5A00622D7B /* InfoPlist.strings */; };
		B0558A411923BE5A00622D7B /* main.m in Sources */ = {isa = PBXBuildFile; fileRef = B0558A401923BE5A00622D7B /* main.m */; };
		B0558A451923BE5A00622D7B /* DPAAppDelegate.m in Sources */ = {isa = PBXBuildFile; fileRef = B0558A441923BE5A00622D7B /* DPAAppDelegate.m */; };
		B0558A471923BE5A00622D7B /* Images.xcassets in Resources */ = {isa = PBXBuildFile; fileRef = B0558A461923BE5A00622D7B /* Images.xcassets */; };
		B0558A4E1923BE5A00622D7B /* XCTest.framework in Frameworks */ = {isa = PBXBuildFile; fileRef = B0558A4D1923BE5A00622D7B /* XCTest.framework */; };
		B0558A4F1923BE5A00622D7B /* Foundation.framework in Frameworks */ = {isa = PBXBuildFile; fileRef = B0558A341923BE5A00622D7B /* Foundation.framework */; };
		B0558A501923BE5A00622D7B /* UIKit.framework in Frameworks */ = {isa = PBXBuildFile; fileRef = B0558A381923BE5A00622D7B /* UIKit.framework */; };
		B0558A581923BE5A00622D7B /* InfoPlist.strings in Resources */ = {isa = PBXBuildFile; fileRef = B0558A561923BE5A00622D7B /* InfoPlist.strings */; };
		B0558A5A1923BE5A00622D7B /* DigitalPondTests.m in Sources */ = {isa = PBXBuildFile; fileRef = B0558A591923BE5A00622D7B /* DigitalPondTests.m */; };
		B0558A661923C1CD00622D7B /* DPAPondViewController.m in Sources */ = {isa = PBXBuildFile; fileRef = B0558A641923C1CD00622D7B /* DPAPondViewController.m */; };
		B0558A671923C1CD00622D7B /* DPAPond.xib in Resources */ = {isa = PBXBuildFile; fileRef = B0558A651923C1CD00622D7B /* DPAPond.xib */; };
		B0558A691923C39800622D7B /* DPALava.xib in Resources */ = {isa = PBXBuildFile; fileRef = B0558A681923C39800622D7B /* DPALava.xib */; };
		B0558A6C1923C6EB00622D7B /* DPARipple.m in Sources */ = {isa = PBXBuildFile; fileRef = B0558A6B1923C6EB00622D7B /* DPARipple.m */; };
/* End PBXBuildFile section */

/* Begin PBXContainerItemProxy section */
		B0558A511923BE5A00622D7B /* PBXContainerItemProxy */ = {
			isa = PBXContainerItemProxy;
			containerPortal = B0558A291923BE5A00622D7B /* Project object */;
			proxyType = 1;
			remoteGlobalIDString = B0558A301923BE5A00622D7B;
			remoteInfo = DigitalPond;
		};
/* End PBXContainerItemProxy section */

/* Begin PBXFileReference section */
		B0558A311923BE5A00622D7B /* DigitalPond.app */ = {isa = PBXFileReference; explicitFileType = wrapper.application; includeInIndex = 0; path = DigitalPond.app; sourceTree = BUILT_PRODUCTS_DIR; };
		B0558A341923BE5A00622D7B /* Foundation.framework */ = {isa = PBXFileReference; lastKnownFileType = wrapper.framework; name = Foundation.framework; path = System/Library/Frameworks/Foundation.framework; sourceTree = SDKROOT; };
		B0558A361923BE5A00622D7B /* CoreGraphics.framework */ = {isa = PBXFileReference; lastKnownFileType = wrapper.framework; name = CoreGraphics.framework; path = System/Library/Frameworks/CoreGraphics.framework; sourceTree = SDKROOT; };
		B0558A381923BE5A00622D7B /* UIKit.framework */ = {isa = PBXFileReference; lastKnownFileType = wrapper.framework; name = UIKit.framework; path = System/Library/Frameworks/UIKit.framework; sourceTree = SDKROOT; };
		B0558A3C1923BE5A00622D7B /* DigitalPond-Info.plist */ = {isa = PBXFileReference; lastKnownFileType = text.plist.xml; path = "DigitalPond-Info.plist"; sourceTree = "<group>"; };
		B0558A3E1923BE5A00622D7B /* en */ = {isa = PBXFileReference; lastKnownFileType = text.plist.strings; name = en; path = en.lproj/InfoPlist.strings; sourceTree = "<group>"; };
		B0558A401923BE5A00622D7B /* main.m */ = {isa = PBXFileReference; lastKnownFileType = sourcecode.c.objc; path = main.m; sourceTree = "<group>"; };
		B0558A421923BE5A00622D7B /* DigitalPond-Prefix.pch */ = {isa = PBXFileReference; lastKnownFileType = sourcecode.c.h; path = "DigitalPond-Prefix.pch"; sourceTree = "<group>"; };
		B0558A431923BE5A00622D7B /* DPAAppDelegate.h */ = {isa = PBXFileReference; lastKnownFileType = sourcecode.c.h; path = DPAAppDelegate.h; sourceTree = "<group>"; };
		B0558A441923BE5A00622D7B /* DPAAppDelegate.m */ = {isa = PBXFileReference; lastKnownFileType = sourcecode.c.objc; path = DPAAppDelegate.m; sourceTree = "<group>"; };
		B0558A461923BE5A00622D7B /* Images.xcassets */ = {isa = PBXFileReference; lastKnownFileType = folder.assetcatalog; path = Images.xcassets; sourceTree = "<group>"; };
		B0558A4C1923BE5A00622D7B /* DigitalPondTests.xctest */ = {isa = PBXFileReference; explicitFileType = wrapper.cfbundle; includeInIndex = 0; path = DigitalPondTests.xctest; sourceTree = BUILT_PRODUCTS_DIR; };
		B0558A4D1923BE5A00622D7B /* XCTest.framework */ = {isa = PBXFileReference; lastKnownFileType = wrapper.framework; name = XCTest.framework; path = Library/Frameworks/XCTest.framework; sourceTree = DEVELOPER_DIR; };
		B0558A551923BE5A00622D7B /* DigitalPondTests-Info.plist */ = {isa = PBXFileReference; lastKnownFileType = text.plist.xml; path = "DigitalPondTests-Info.plist"; sourceTree = "<group>"; };
		B0558A571923BE5A00622D7B /* en */ = {isa = PBXFileReference; lastKnownFileType = text.plist.strings; name = en; path = en.lproj/InfoPlist.strings; sourceTree = "<group>"; };
		B0558A591923BE5A00622D7B /* DigitalPondTests.m */ = {isa = PBXFileReference; lastKnownFileType = sourcecode.c.objc; path = DigitalPondTests.m; sourceTree = "<group>"; };
		B0558A631923C1CD00622D7B /* DPAPondViewController.h */ = {isa = PBXFileReference; fileEncoding = 4; lastKnownFileType = sourcecode.c.h; path = DPAPondViewController.h; sourceTree = "<group>"; };
		B0558A641923C1CD00622D7B /* DPAPondViewController.m */ = {isa = PBXFileReference; fileEncoding = 4; lastKnownFileType = sourcecode.c.objc; path = DPAPondViewController.m; sourceTree = "<group>"; };
		B0558A651923C1CD00622D7B /* DPAPond.xib */ = {isa = PBXFileReference; fileEncoding = 4; lastKnownFileType = file.xib; path = DPAPond.xib; sourceTree = "<group>"; };
		B0558A681923C39800622D7B /* DPALava.xib */ = {isa = PBXFileReference; fileEncoding = 4; lastKnownFileType = file.xib; path = DPALava.xib; sourceTree = "<group>"; };
		B0558A6A1923C6EB00622D7B /* DPARipple.h */ = {isa = PBXFileReference; fileEncoding = 4; lastKnownFileType = sourcecode.c.h; path = DPARipple.h; sourceTree = "<group>"; };
		B0558A6B1923C6EB00622D7B /* DPARipple.m */ = {isa = PBXFileReference; fileEncoding = 4; lastKnownFileType = sourcecode.c.objc; path = DPARipple.m; sourceTree = "<group>"; };
/* End PBXFileReference section */

/* Begin PBXFrameworksBuildPhase section */
		B0558A2E1923BE5A00622D7B /* Frameworks */ = {
			isa = PBXFrameworksBuildPhase;
			buildActionMask = 2147483647;
			files = (
				B0558A371923BE5A00622D7B /* CoreGraphics.framework in Frameworks */,
				B0558A391923BE5A00622D7B /* UIKit.framework in Frameworks */,
				B0558A351923BE5A00622D7B /* Foundation.framework in Frameworks */,
			);
			runOnlyForDeploymentPostprocessing = 0;
		};
		B0558A491923BE5A00622D7B /* Frameworks */ = {
			isa = PBXFrameworksBuildPhase;
			buildActionMask = 2147483647;
			files = (
				B0558A4E1923BE5A00622D7B /* XCTest.framework in Frameworks */,
				B0558A501923BE5A00622D7B /* UIKit.framework in Frameworks */,
				B0558A4F1923BE5A00622D7B /* Foundation.framework in Frameworks */,
			);
			runOnlyForDeploymentPostprocessing = 0;
		};
/* End PBXFrameworksBuildPhase section */

/* Begin PBXGroup section */
		B0558A281923BE5A00622D7B = {
			isa = PBXGroup;
			children = (
				B0558A6A1923C6EB00622D7B /* DPARipple.h */,
				B0558A6B1923C6EB00622D7B /* DPARipple.m */,
				B0558A681923C39800622D7B /* DPALava.xib */,
				B0558A631923C1CD00622D7B /* DPAPondViewController.h */,
				B0558A641923C1CD00622D7B /* DPAPondViewController.m */,
				B0558A651923C1CD00622D7B /* DPAPond.xib */,
				B0558A3A1923BE5A00622D7B /* DigitalPond */,
				B0558A531923BE5A00622D7B /* DigitalPondTests */,
				B0558A331923BE5A00622D7B /* Frameworks */,
				B0558A321923BE5A00622D7B /* Products */,
			);
			sourceTree = "<group>";
		};
		B0558A321923BE5A00622D7B /* Products */ = {
			isa = PBXGroup;
			children = (
				B0558A311923BE5A00622D7B /* DigitalPond.app */,
				B0558A4C1923BE5A00622D7B /* DigitalPondTests.xctest */,
			);
			name = Products;
			sourceTree = "<group>";
		};
		B0558A331923BE5A00622D7B /* Frameworks */ = {
			isa = PBXGroup;
			children = (
				B0558A341923BE5A00622D7B /* Foundation.framework */,
				B0558A361923BE5A00622D7B /* CoreGraphics.framework */,
				B0558A381923BE5A00622D7B /* UIKit.framework */,
				B0558A4D1923BE5A00622D7B /* XCTest.framework */,
			);
			name = Frameworks;
			sourceTree = "<group>";
		};
		B0558A3A1923BE5A00622D7B /* DigitalPond */ = {
			isa = PBXGroup;
			children = (
				B0558A431923BE5A00622D7B /* DPAAppDelegate.h */,
				B0558A441923BE5A00622D7B /* DPAAppDelegate.m */,
				B0558A461923BE5A00622D7B /* Images.xcassets */,
				B0558A3B1923BE5A00622D7B /* Supporting Files */,
			);
			path = DigitalPond;
			sourceTree = "<group>";
		};
		B0558A3B1923BE5A00622D7B /* Supporting Files */ = {
			isa = PBXGroup;
			children = (
				B0558A3C1923BE5A00622D7B /* DigitalPond-Info.plist */,
				B0558A3D1923BE5A00622D7B /* InfoPlist.strings */,
				B0558A401923BE5A00622D7B /* main.m */,
				B0558A421923BE5A00622D7B /* DigitalPond-Prefix.pch */,
			);
			name = "Supporting Files";
			sourceTree = "<group>";
		};
		B0558A531923BE5A00622D7B /* DigitalPondTests */ = {
			isa = PBXGroup;
			children = (
				B0558A591923BE5A00622D7B /* DigitalPondTests.m */,
				B0558A541923BE5A00622D7B /* Supporting Files */,
			);
			path = DigitalPondTests;
			sourceTree = "<group>";
		};
		B0558A541923BE5A00622D7B /* Supporting Files */ = {
			isa = PBXGroup;
			children = (
				B0558A551923BE5A00622D7B /* DigitalPondTests-Info.plist */,
				B0558A561923BE5A00622D7B /* InfoPlist.strings */,
			);
			name = "Supporting Files";
			sourceTree = "<group>";
		};
/* End PBXGroup section */

/* Begin PBXNativeTarget section */
		B0558A301923BE5A00622D7B /* DigitalPond */ = {
			isa = PBXNativeTarget;
			buildConfigurationList = B0558A5D1923BE5A00622D7B /* Build configuration list for PBXNativeTarget "DigitalPond" */;
			buildPhases = (
				B0558A2D1923BE5A00622D7B /* Sources */,
				B0558A2E1923BE5A00622D7B /* Frameworks */,
				B0558A2F1923BE5A00622D7B /* Resources */,
			);
			buildRules = (
			);
			dependencies = (
			);
			name = DigitalPond;
			productName = DigitalPond;
			productReference = B0558A311923BE5A00622D7B /* DigitalPond.app */;
			productType = "com.apple.product-type.application";
		};
		B0558A4B1923BE5A00622D7B /* DigitalPondTests */ = {
			isa = PBXNativeTarget;
			buildConfigurationList = B0558A601923BE5A00622D7B /* Build configuration list for PBXNativeTarget "DigitalPondTests" */;
			buildPhases = (
				B0558A481923BE5A00622D7B /* Sources */,
				B0558A491923BE5A00622D7B /* Frameworks */,
				B0558A4A1923BE5A00622D7B /* Resources */,
			);
			buildRules = (
			);
			dependencies = (
				B0558A521923BE5A00622D7B /* PBXTargetDependency */,
			);
			name = DigitalPondTests;
			productName = DigitalPondTests;
			productReference = B0558A4C1923BE5A00622D7B /* DigitalPondTests.xctest */;
			productType = "com.apple.product-type.bundle.unit-test";
		};
/* End PBXNativeTarget section */

/* Begin PBXProject section */
		B0558A291923BE5A00622D7B /* Project object */ = {
			isa = PBXProject;
			attributes = {
				CLASSPREFIX = DPA;
				LastUpgradeCheck = 0510;
				ORGANIZATIONNAME = "Jon Fox";
				TargetAttributes = {
					B0558A4B1923BE5A00622D7B = {
						TestTargetID = B0558A301923BE5A00622D7B;
					};
				};
			};
			buildConfigurationList = B0558A2C1923BE5A00622D7B /* Build configuration list for PBXProject "DigitalPond" */;
			compatibilityVersion = "Xcode 3.2";
			developmentRegion = English;
			hasScannedForEncodings = 0;
			knownRegions = (
				en,
			);
			mainGroup = B0558A281923BE5A00622D7B;
			productRefGroup = B0558A321923BE5A00622D7B /* Products */;
			projectDirPath = "";
			projectRoot = "";
			targets = (
				B0558A301923BE5A00622D7B /* DigitalPond */,
				B0558A4B1923BE5A00622D7B /* DigitalPondTests */,
			);
		};
/* End PBXProject section */

/* Begin PBXResourcesBuildPhase section */
		B0558A2F1923BE5A00622D7B /* Resources */ = {
			isa = PBXResourcesBuildPhase;
			buildActionMask = 2147483647;
			files = (
				B0558A3F1923BE5A00622D7B /* InfoPlist.strings in Resources */,
				B0558A691923C39800622D7B /* DPALava.xib in Resources */,
				B0558A671923C1CD00622D7B /* DPAPond.xib in Resources */,
				B0558A471923BE5A00622D7B /* Images.xcassets in Resources */,
			);
			runOnlyForDeploymentPostprocessing = 0;
		};
		B0558A4A1923BE5A00622D7B /* Resources */ = {
			isa = PBXResourcesBuildPhase;
			buildActionMask = 2147483647;
			files = (
				B0558A581923BE5A00622D7B /* InfoPlist.strings in Resources */,
			);
			runOnlyForDeploymentPostprocessing = 0;
		};
/* End PBXResourcesBuildPhase section */

/* Begin PBXSourcesBuildPhase section */
		B0558A2D1923BE5A00622D7B /* Sources */ = {
			isa = PBXSourcesBuildPhase;
			buildActionMask = 2147483647;
			files = (
				B0558A451923BE5A00622D7B /* DPAAppDelegate.m in Sources */,
				B0558A411923BE5A00622D7B /* main.m in Sources */,
				B0558A661923C1CD00622D7B /* DPAPondViewController.m in Sources */,
				B0558A6C1923C6EB00622D7B /* DPARipple.m in Sources */,
			);
			runOnlyForDeploymentPostprocessing = 0;
		};
		B0558A481923BE5A00622D7B /* Sources */ = {
			isa = PBXSourcesBuildPhase;
			buildActionMask = 2147483647;
			files = (
				B0558A5A1923BE5A00622D7B /* DigitalPondTests.m in Sources */,
			);
			runOnlyForDeploymentPostprocessing = 0;
		};
/* End PBXSourcesBuildPhase section */

/* Begin PBXTargetDependency section */
		B0558A521923BE5A00622D7B /* PBXTargetDependency */ = {
			isa = PBXTargetDependency;
			target = B0558A301923BE5A00622D7B /* DigitalPond */;
			targetProxy = B0558A511923BE5A00622D7B /* PBXContainerItemProxy */;
		};
/* End PBXTargetDependency section */

/* Begin PBXVariantGroup section */
		B0558A3D1923BE5A00622D7B /* InfoPlist.strings */ = {
			isa = PBXVariantGroup;
			children = (
				B0558A3E1923BE5A00622D7B /* en */,
			);
			name = InfoPlist.strings;
			sourceTree = "<group>";
		};
		B0558A561923BE5A00622D7B /* InfoPlist.strings */ = {
			isa = PBXVariantGroup;
			children = (
				B0558A571923BE5A00622D7B /* en */,
			);
			name = InfoPlist.strings;
			sourceTree = "<group>";
		};
/* End PBXVariantGroup section */

/* Begin XCBuildConfiguration section */
		B0558A5B1923BE5A00622D7B /* Debug */ = {
			isa = XCBuildConfiguration;
			buildSettings = {
				ALWAYS_SEARCH_USER_PATHS = NO;
				CLANG_CXX_LANGUAGE_STANDARD = "gnu++0x";
				CLANG_CXX_LIBRARY = "libc++";
				CLANG_ENABLE_MODULES = YES;
				CLANG_ENABLE_OBJC_ARC = YES;
				CLANG_WARN_BOOL_CONVERSION = YES;
				CLANG_WARN_CONSTANT_CONVERSION = YES;
				CLANG_WARN_DIRECT_OBJC_ISA_USAGE = YES_ERROR;
				CLANG_WARN_EMPTY_BODY = YES;
				CLANG_WARN_ENUM_CONVERSION = YES;
				CLANG_WARN_INT_CONVERSION = YES;
				CLANG_WARN_OBJC_ROOT_CLASS = YES_ERROR;
				CLANG_WARN__DUPLICATE_METHOD_MATCH = YES;
				"CODE_SIGN_IDENTITY[sdk=iphoneos*]" = "iPhone Developer";
				COPY_PHASE_STRIP = NO;
				GCC_C_LANGUAGE_STANDARD = gnu99;
				GCC_DYNAMIC_NO_PIC = NO;
				GCC_OPTIMIZATION_LEVEL = 0;
				GCC_PREPROCESSOR_DEFINITIONS = (
					"DEBUG=1",
					"$(inherited)",
				);
				GCC_SYMBOLS_PRIVATE_EXTERN = NO;
				GCC_WARN_64_TO_32_BIT_CONVERSION = YES;
				GCC_WARN_ABOUT_RETURN_TYPE = YES_ERROR;
				GCC_WARN_UNDECLARED_SELECTOR = YES;
				GCC_WARN_UNINITIALIZED_AUTOS = YES_AGGRESSIVE;
				GCC_WARN_UNUSED_FUNCTION = YES;
				GCC_WARN_UNUSED_VARIABLE = YES;
				IPHONEOS_DEPLOYMENT_TARGET = 7.1;
				ONLY_ACTIVE_ARCH = YES;
				SDKROOT = iphoneos;
			};
			name = Debug;
		};
		B0558A5C1923BE5A00622D7B /* Release */ = {
			isa = XCBuildConfiguration;
			buildSettings = {
				ALWAYS_SEARCH_USER_PATHS = NO;
				CLANG_CXX_LANGUAGE_STANDARD = "gnu++0x";
				CLANG_CXX_LIBRARY = "libc++";
				CLANG_ENABLE_MODULES = YES;
				CLANG_ENABLE_OBJC_ARC = YES;
				CLANG_WARN_BOOL_CONVERSION = YES;
				CLANG_WARN_CONSTANT_CONVERSION = YES;
				CLANG_WARN_DIRECT_OBJC_ISA_USAGE = YES_ERROR;
				CLANG_WARN_EMPTY_BODY = YES;
				CLANG_WARN_ENUM_CONVERSION = YES;
				CLANG_WARN_INT_CONVERSION = YES;
				CLANG_WARN_OBJC_ROOT_CLASS = YES_ERROR;
				CLANG_WARN__DUPLICATE_METHOD_MATCH = YES;
				"CODE_SIGN_IDENTITY[sdk=iphoneos*]" = "iPhone Developer";
				COPY_PHASE_STRIP = YES;
				ENABLE_NS_ASSERTIONS = NO;
				GCC_C_LANGUAGE_STANDARD = gnu99;
				GCC_WARN_64_TO_32_BIT_CONVERSION = YES;
				GCC_WARN_ABOUT_RETURN_TYPE = YES_ERROR;
				GCC_WARN_UNDECLARED_SELECTOR = YES;
				GCC_WARN_UNINITIALIZED_AUTOS = YES_AGGRESSIVE;
				GCC_WARN_UNUSED_FUNCTION = YES;
				GCC_WARN_UNUSED_VARIABLE = YES;
				IPHONEOS_DEPLOYMENT_TARGET = 7.1;
				SDKROOT = iphoneos;
				VALIDATE_PRODUCT = YES;
			};
			name = Release;
		};
		B0558A5E1923BE5A00622D7B /* Debug */ = {
			isa = XCBuildConfiguration;
			buildSettings = {
				ASSETCATALOG_COMPILER_APPICON_NAME = AppIcon;
				ASSETCATALOG_COMPILER_LAUNCHIMAGE_NAME = LaunchImage;
				GCC_PRECOMPILE_PREFIX_HEADER = YES;
				GCC_PREFIX_HEADER = "DigitalPond/DigitalPond-Prefix.pch";
				INFOPLIST_FILE = "DigitalPond/DigitalPond-Info.plist";
				PRODUCT_NAME = "$(TARGET_NAME)";
				WRAPPER_EXTENSION = app;
			};
			name = Debug;
		};
		B0558A5F1923BE5A00622D7B /* Release */ = {
			isa = XCBuildConfiguration;
			buildSettings = {
				ASSETCATALOG_COMPILER_APPICON_NAME = AppIcon;
				ASSETCATALOG_COMPILER_LAUNCHIMAGE_NAME = LaunchImage;
				GCC_PRECOMPILE_PREFIX_HEADER = YES;
				GCC_PREFIX_HEADER = "DigitalPond/DigitalPond-Prefix.pch";
				INFOPLIST_FILE = "DigitalPond/DigitalPond-Info.plist";
				PRODUCT_NAME = "$(TARGET_NAME)";
				WRAPPER_EXTENSION = app;
			};
			name = Release;
		};
		B0558A611923BE5A00622D7B /* Debug */ = {
			isa = XCBuildConfiguration;
			buildSettings = {
				BUNDLE_LOADER = "$(BUILT_PRODUCTS_DIR)/DigitalPond.app/DigitalPond";
				FRAMEWORK_SEARCH_PATHS = (
					"$(SDKROOT)/Developer/Library/Frameworks",
					"$(inherited)",
					"$(DEVELOPER_FRAMEWORKS_DIR)",
				);
				GCC_PRECOMPILE_PREFIX_HEADER = YES;
				GCC_PREFIX_HEADER = "DigitalPond/DigitalPond-Prefix.pch";
				GCC_PREPROCESSOR_DEFINITIONS = (
					"DEBUG=1",
					"$(inherited)",
				);
				INFOPLIST_FILE = "DigitalPondTests/DigitalPondTests-Info.plist";
				PRODUCT_NAME = "$(TARGET_NAME)";
				TEST_HOST = "$(BUNDLE_LOADER)";
				WRAPPER_EXTENSION = xctest;
			};
			name = Debug;
		};
		B0558A621923BE5A00622D7B /* Release */ = {
			isa = XCBuildConfiguration;
			buildSettings = {
				BUNDLE_LOADER = "$(BUILT_PRODUCTS_DIR)/DigitalPond.app/DigitalPond";
				FRAMEWORK_SEARCH_PATHS = (
					"$(SDKROOT)/Developer/Library/Frameworks",
					"$(inherited)",
					"$(DEVELOPER_FRAMEWORKS_DIR)",
				);
				GCC_PRECOMPILE_PREFIX_HEADER = YES;
				GCC_PREFIX_HEADER = "DigitalPond/DigitalPond-Prefix.pch";
				INFOPLIST_FILE = "DigitalPondTests/DigitalPondTests-Info.plist";
				PRODUCT_NAME = "$(TARGET_NAME)";
				TEST_HOST = "$(BUNDLE_LOADER)";
				WRAPPER_EXTENSION = xctest;
			};
			name = Release;
		};
/* End XCBuildConfiguration section */

/* Begin XCConfigurationList section */
		B0558A2C1923BE5A00622D7B /* Build configuration list for PBXProject "DigitalPond" */ = {
			isa = XCConfigurationList;
			buildConfigurations = (
				B0558A5B1923BE5A00622D7B /* Debug */,
				B0558A5C1923BE5A00622D7B /* Release */,
			);
			defaultConfigurationIsVisible = 0;
			defaultConfigurationName = Release;
		};
		B0558A5D1923BE5A00622D7B /* Build configuration list for PBXNativeTarget "DigitalPond" */ = {
			isa = XCConfigurationList;
			buildConfigurations = (
				B0558A5E1923BE5A00622D7B /* Debug */,
				B0558A5F1923BE5A00622D7B /* Release */,
			);
			defaultConfigurationIsVisible = 0;
		};
		B0558A601923BE5A00622D7B /* Build configuration list for PBXNativeTarget "DigitalPondTests" */ = {
			isa = XCConfigurationList;
			buildConfigurations = (
				B0558A611923BE5A00622D7B /* Debug */,
				B0558A621923BE5A00622D7B /* Release */,
			);
			defaultConfigurationIsVisible = 0;
		};
/* End XCConfigurationList section */
	};
	rootObject = B0558A291923BE5A00622D7B /* Project object */;
}
