// !$*UTF8*$!
{
	archiveVersion = 1;
	classes = {
	};
	objectVersion = 46;
	objects = {

/* Begin PBXBuildFile section */
		B0040083191AB64600C057A4 /* Foundation.framework in Frameworks */ = {isa = PBXBuildFile; fileRef = B0040082191AB64600C057A4 /* Foundation.framework */; };
		B0040085191AB64600C057A4 /* CoreGraphics.framework in Frameworks */ = {isa = PBXBuildFile; fileRef = B0040084191AB64600C057A4 /* CoreGraphics.framework */; };
		B0040087191AB64600C057A4 /* UIKit.framework in Frameworks */ = {isa = PBXBuildFile; fileRef = B0040086191AB64600C057A4 /* UIKit.framework */; };
		B004008D191AB64600C057A4 /* InfoPlist.strings in Resources */ = {isa = PBXBuildFile; fileRef = B004008B191AB64600C057A4 /* InfoPlist.strings */; };
		B004008F191AB64600C057A4 /* main.m in Sources */ = {isa = PBXBuildFile; fileRef = B004008E191AB64600C057A4 /* main.m */; };
		B0040093191AB64600C057A4 /* CBAAppDelegate.m in Sources */ = {isa = PBXBuildFile; fileRef = B0040092191AB64600C057A4 /* CBAAppDelegate.m */; };
		B0040095191AB64600C057A4 /* Images.xcassets in Resources */ = {isa = PBXBuildFile; fileRef = B0040094191AB64600C057A4 /* Images.xcassets */; };
		B004009C191AB64600C057A4 /* XCTest.framework in Frameworks */ = {isa = PBXBuildFile; fileRef = B004009B191AB64600C057A4 /* XCTest.framework */; };
		B004009D191AB64600C057A4 /* Foundation.framework in Frameworks */ = {isa = PBXBuildFile; fileRef = B0040082191AB64600C057A4 /* Foundation.framework */; };
		B004009E191AB64600C057A4 /* UIKit.framework in Frameworks */ = {isa = PBXBuildFile; fileRef = B0040086191AB64600C057A4 /* UIKit.framework */; };
		B00400A6191AB64600C057A4 /* InfoPlist.strings in Resources */ = {isa = PBXBuildFile; fileRef = B00400A4191AB64600C057A4 /* InfoPlist.strings */; };
		B00400A8191AB64600C057A4 /* ColorBattleTests.m in Sources */ = {isa = PBXBuildFile; fileRef = B00400A7191AB64600C057A4 /* ColorBattleTests.m */; };
		B00400B3191AB69A00C057A4 /* CBAViewController.m in Sources */ = {isa = PBXBuildFile; fileRef = B00400B2191AB69A00C057A4 /* CBAViewController.m */; };
		B00400B6191AB6E100C057A4 /* CBARedViewController.m in Sources */ = {isa = PBXBuildFile; fileRef = B00400B5191AB6E100C057A4 /* CBARedViewController.m */; };
		B00400B9191AB7B900C057A4 /* CBABlueViewController.m in Sources */ = {isa = PBXBuildFile; fileRef = B00400B8191AB7B900C057A4 /* CBABlueViewController.m */; };
		B00400BC191ABA9700C057A4 /* CBAData.m in Sources */ = {isa = PBXBuildFile; fileRef = B00400BB191ABA9700C057A4 /* CBAData.m */; };
/* End PBXBuildFile section */

/* Begin PBXContainerItemProxy section */
		B004009F191AB64600C057A4 /* PBXContainerItemProxy */ = {
			isa = PBXContainerItemProxy;
			containerPortal = B0040077191AB64600C057A4 /* Project object */;
			proxyType = 1;
			remoteGlobalIDString = B004007E191AB64600C057A4;
			remoteInfo = ColorBattle;
		};
/* End PBXContainerItemProxy section */

/* Begin PBXFileReference section */
		B004007F191AB64600C057A4 /* ColorBattle.app */ = {isa = PBXFileReference; explicitFileType = wrapper.application; includeInIndex = 0; path = ColorBattle.app; sourceTree = BUILT_PRODUCTS_DIR; };
		B0040082191AB64600C057A4 /* Foundation.framework */ = {isa = PBXFileReference; lastKnownFileType = wrapper.framework; name = Foundation.framework; path = System/Library/Frameworks/Foundation.framework; sourceTree = SDKROOT; };
		B0040084191AB64600C057A4 /* CoreGraphics.framework */ = {isa = PBXFileReference; lastKnownFileType = wrapper.framework; name = CoreGraphics.framework; path = System/Library/Frameworks/CoreGraphics.framework; sourceTree = SDKROOT; };
		B0040086191AB64600C057A4 /* UIKit.framework */ = {isa = PBXFileReference; lastKnownFileType = wrapper.framework; name = UIKit.framework; path = System/Library/Frameworks/UIKit.framework; sourceTree = SDKROOT; };
		B004008A191AB64600C057A4 /* ColorBattle-Info.plist */ = {isa = PBXFileReference; lastKnownFileType = text.plist.xml; path = "ColorBattle-Info.plist"; sourceTree = "<group>"; };
		B004008C191AB64600C057A4 /* en */ = {isa = PBXFileReference; lastKnownFileType = text.plist.strings; name = en; path = en.lproj/InfoPlist.strings; sourceTree = "<group>"; };
		B004008E191AB64600C057A4 /* main.m */ = {isa = PBXFileReference; lastKnownFileType = sourcecode.c.objc; path = main.m; sourceTree = "<group>"; };
		B0040090191AB64600C057A4 /* ColorBattle-Prefix.pch */ = {isa = PBXFileReference; lastKnownFileType = sourcecode.c.h; path = "ColorBattle-Prefix.pch"; sourceTree = "<group>"; };
		B0040091191AB64600C057A4 /* CBAAppDelegate.h */ = {isa = PBXFileReference; lastKnownFileType = sourcecode.c.h; path = CBAAppDelegate.h; sourceTree = "<group>"; };
		B0040092191AB64600C057A4 /* CBAAppDelegate.m */ = {isa = PBXFileReference; lastKnownFileType = sourcecode.c.objc; path = CBAAppDelegate.m; sourceTree = "<group>"; };
		B0040094191AB64600C057A4 /* Images.xcassets */ = {isa = PBXFileReference; lastKnownFileType = folder.assetcatalog; path = Images.xcassets; sourceTree = "<group>"; };
		B004009A191AB64600C057A4 /* ColorBattleTests.xctest */ = {isa = PBXFileReference; explicitFileType = wrapper.cfbundle; includeInIndex = 0; path = ColorBattleTests.xctest; sourceTree = BUILT_PRODUCTS_DIR; };
		B004009B191AB64600C057A4 /* XCTest.framework */ = {isa = PBXFileReference; lastKnownFileType = wrapper.framework; name = XCTest.framework; path = Library/Frameworks/XCTest.framework; sourceTree = DEVELOPER_DIR; };
		B00400A3191AB64600C057A4 /* ColorBattleTests-Info.plist */ = {isa = PBXFileReference; lastKnownFileType = text.plist.xml; path = "ColorBattleTests-Info.plist"; sourceTree = "<group>"; };
		B00400A5191AB64600C057A4 /* en */ = {isa = PBXFileReference; lastKnownFileType = text.plist.strings; name = en; path = en.lproj/InfoPlist.strings; sourceTree = "<group>"; };
		B00400A7191AB64600C057A4 /* ColorBattleTests.m */ = {isa = PBXFileReference; lastKnownFileType = sourcecode.c.objc; path = ColorBattleTests.m; sourceTree = "<group>"; };
		B00400B1191AB69A00C057A4 /* CBAViewController.h */ = {isa = PBXFileReference; fileEncoding = 4; lastKnownFileType = sourcecode.c.h; path = CBAViewController.h; sourceTree = "<group>"; };
		B00400B2191AB69A00C057A4 /* CBAViewController.m */ = {isa = PBXFileReference; fileEncoding = 4; lastKnownFileType = sourcecode.c.objc; path = CBAViewController.m; sourceTree = "<group>"; };
		B00400B4191AB6E100C057A4 /* CBARedViewController.h */ = {isa = PBXFileReference; fileEncoding = 4; lastKnownFileType = sourcecode.c.h; path = CBARedViewController.h; sourceTree = "<group>"; };
		B00400B5191AB6E100C057A4 /* CBARedViewController.m */ = {isa = PBXFileReference; fileEncoding = 4; lastKnownFileType = sourcecode.c.objc; path = CBARedViewController.m; sourceTree = "<group>"; };
		B00400B7191AB7B900C057A4 /* CBABlueViewController.h */ = {isa = PBXFileReference; fileEncoding = 4; lastKnownFileType = sourcecode.c.h; path = CBABlueViewController.h; sourceTree = "<group>"; };
		B00400B8191AB7B900C057A4 /* CBABlueViewController.m */ = {isa = PBXFileReference; fileEncoding = 4; lastKnownFileType = sourcecode.c.objc; path = CBABlueViewController.m; sourceTree = "<group>"; };
		B00400BA191ABA9700C057A4 /* CBAData.h */ = {isa = PBXFileReference; fileEncoding = 4; lastKnownFileType = sourcecode.c.h; path = CBAData.h; sourceTree = "<group>"; };
		B00400BB191ABA9700C057A4 /* CBAData.m */ = {isa = PBXFileReference; fileEncoding = 4; lastKnownFileType = sourcecode.c.objc; path = CBAData.m; sourceTree = "<group>"; };
/* End PBXFileReference section */

/* Begin PBXFrameworksBuildPhase section */
		B004007C191AB64600C057A4 /* Frameworks */ = {
			isa = PBXFrameworksBuildPhase;
			buildActionMask = 2147483647;
			files = (
				B0040085191AB64600C057A4 /* CoreGraphics.framework in Frameworks */,
				B0040087191AB64600C057A4 /* UIKit.framework in Frameworks */,
				B0040083191AB64600C057A4 /* Foundation.framework in Frameworks */,
			);
			runOnlyForDeploymentPostprocessing = 0;
		};
		B0040097191AB64600C057A4 /* Frameworks */ = {
			isa = PBXFrameworksBuildPhase;
			buildActionMask = 2147483647;
			files = (
				B004009C191AB64600C057A4 /* XCTest.framework in Frameworks */,
				B004009E191AB64600C057A4 /* UIKit.framework in Frameworks */,
				B004009D191AB64600C057A4 /* Foundation.framework in Frameworks */,
			);
			runOnlyForDeploymentPostprocessing = 0;
		};
/* End PBXFrameworksBuildPhase section */

/* Begin PBXGroup section */
		B0040076191AB64600C057A4 = {
			isa = PBXGroup;
			children = (
				B00400BA191ABA9700C057A4 /* CBAData.h */,
				B00400BB191ABA9700C057A4 /* CBAData.m */,
				B00400B1191AB69A00C057A4 /* CBAViewController.h */,
				B00400B2191AB69A00C057A4 /* CBAViewController.m */,
				B00400B7191AB7B900C057A4 /* CBABlueViewController.h */,
				B00400B8191AB7B900C057A4 /* CBABlueViewController.m */,
				B00400B4191AB6E100C057A4 /* CBARedViewController.h */,
				B00400B5191AB6E100C057A4 /* CBARedViewController.m */,
				B0040088191AB64600C057A4 /* ColorBattle */,
				B00400A1191AB64600C057A4 /* ColorBattleTests */,
				B0040081191AB64600C057A4 /* Frameworks */,
				B0040080191AB64600C057A4 /* Products */,
			);
			sourceTree = "<group>";
		};
		B0040080191AB64600C057A4 /* Products */ = {
			isa = PBXGroup;
			children = (
				B004007F191AB64600C057A4 /* ColorBattle.app */,
				B004009A191AB64600C057A4 /* ColorBattleTests.xctest */,
			);
			name = Products;
			sourceTree = "<group>";
		};
		B0040081191AB64600C057A4 /* Frameworks */ = {
			isa = PBXGroup;
			children = (
				B0040082191AB64600C057A4 /* Foundation.framework */,
				B0040084191AB64600C057A4 /* CoreGraphics.framework */,
				B0040086191AB64600C057A4 /* UIKit.framework */,
				B004009B191AB64600C057A4 /* XCTest.framework */,
			);
			name = Frameworks;
			sourceTree = "<group>";
		};
		B0040088191AB64600C057A4 /* ColorBattle */ = {
			isa = PBXGroup;
			children = (
				B0040091191AB64600C057A4 /* CBAAppDelegate.h */,
				B0040092191AB64600C057A4 /* CBAAppDelegate.m */,
				B0040094191AB64600C057A4 /* Images.xcassets */,
				B0040089191AB64600C057A4 /* Supporting Files */,
			);
			path = ColorBattle;
			sourceTree = "<group>";
		};
		B0040089191AB64600C057A4 /* Supporting Files */ = {
			isa = PBXGroup;
			children = (
				B004008A191AB64600C057A4 /* ColorBattle-Info.plist */,
				B004008B191AB64600C057A4 /* InfoPlist.strings */,
				B004008E191AB64600C057A4 /* main.m */,
				B0040090191AB64600C057A4 /* ColorBattle-Prefix.pch */,
			);
			name = "Supporting Files";
			sourceTree = "<group>";
		};
		B00400A1191AB64600C057A4 /* ColorBattleTests */ = {
			isa = PBXGroup;
			children = (
				B00400A7191AB64600C057A4 /* ColorBattleTests.m */,
				B00400A2191AB64600C057A4 /* Supporting Files */,
			);
			path = ColorBattleTests;
			sourceTree = "<group>";
		};
		B00400A2191AB64600C057A4 /* Supporting Files */ = {
			isa = PBXGroup;
			children = (
				B00400A3191AB64600C057A4 /* ColorBattleTests-Info.plist */,
				B00400A4191AB64600C057A4 /* InfoPlist.strings */,
			);
			name = "Supporting Files";
			sourceTree = "<group>";
		};
/* End PBXGroup section */

/* Begin PBXNativeTarget section */
		B004007E191AB64600C057A4 /* ColorBattle */ = {
			isa = PBXNativeTarget;
			buildConfigurationList = B00400AB191AB64600C057A4 /* Build configuration list for PBXNativeTarget "ColorBattle" */;
			buildPhases = (
				B004007B191AB64600C057A4 /* Sources */,
				B004007C191AB64600C057A4 /* Frameworks */,
				B004007D191AB64600C057A4 /* Resources */,
			);
			buildRules = (
			);
			dependencies = (
			);
			name = ColorBattle;
			productName = ColorBattle;
			productReference = B004007F191AB64600C057A4 /* ColorBattle.app */;
			productType = "com.apple.product-type.application";
		};
		B0040099191AB64600C057A4 /* ColorBattleTests */ = {
			isa = PBXNativeTarget;
			buildConfigurationList = B00400AE191AB64600C057A4 /* Build configuration list for PBXNativeTarget "ColorBattleTests" */;
			buildPhases = (
				B0040096191AB64600C057A4 /* Sources */,
				B0040097191AB64600C057A4 /* Frameworks */,
				B0040098191AB64600C057A4 /* Resources */,
			);
			buildRules = (
			);
			dependencies = (
				B00400A0191AB64600C057A4 /* PBXTargetDependency */,
			);
			name = ColorBattleTests;
			productName = ColorBattleTests;
			productReference = B004009A191AB64600C057A4 /* ColorBattleTests.xctest */;
			productType = "com.apple.product-type.bundle.unit-test";
		};
/* End PBXNativeTarget section */

/* Begin PBXProject section */
		B0040077191AB64600C057A4 /* Project object */ = {
			isa = PBXProject;
			attributes = {
				CLASSPREFIX = CBA;
				LastUpgradeCheck = 0510;
				ORGANIZATIONNAME = "Jon Fox";
				TargetAttributes = {
					B0040099191AB64600C057A4 = {
						TestTargetID = B004007E191AB64600C057A4;
					};
				};
			};
			buildConfigurationList = B004007A191AB64600C057A4 /* Build configuration list for PBXProject "ColorBattle" */;
			compatibilityVersion = "Xcode 3.2";
			developmentRegion = English;
			hasScannedForEncodings = 0;
			knownRegions = (
				en,
			);
			mainGroup = B0040076191AB64600C057A4;
			productRefGroup = B0040080191AB64600C057A4 /* Products */;
			projectDirPath = "";
			projectRoot = "";
			targets = (
				B004007E191AB64600C057A4 /* ColorBattle */,
				B0040099191AB64600C057A4 /* ColorBattleTests */,
			);
		};
/* End PBXProject section */

/* Begin PBXResourcesBuildPhase section */
		B004007D191AB64600C057A4 /* Resources */ = {
			isa = PBXResourcesBuildPhase;
			buildActionMask = 2147483647;
			files = (
				B004008D191AB64600C057A4 /* InfoPlist.strings in Resources */,
				B0040095191AB64600C057A4 /* Images.xcassets in Resources */,
			);
			runOnlyForDeploymentPostprocessing = 0;
		};
		B0040098191AB64600C057A4 /* Resources */ = {
			isa = PBXResourcesBuildPhase;
			buildActionMask = 2147483647;
			files = (
				B00400A6191AB64600C057A4 /* InfoPlist.strings in Resources */,
			);
			runOnlyForDeploymentPostprocessing = 0;
		};
/* End PBXResourcesBuildPhase section */

/* Begin PBXSourcesBuildPhase section */
		B004007B191AB64600C057A4 /* Sources */ = {
			isa = PBXSourcesBuildPhase;
			buildActionMask = 2147483647;
			files = (
				B00400BC191ABA9700C057A4 /* CBAData.m in Sources */,
				B00400B9191AB7B900C057A4 /* CBABlueViewController.m in Sources */,
				B00400B3191AB69A00C057A4 /* CBAViewController.m in Sources */,
				B00400B6191AB6E100C057A4 /* CBARedViewController.m in Sources */,
				B004008F191AB64600C057A4 /* main.m in Sources */,
				B0040093191AB64600C057A4 /* CBAAppDelegate.m in Sources */,
			);
			runOnlyForDeploymentPostprocessing = 0;
		};
		B0040096191AB64600C057A4 /* Sources */ = {
			isa = PBXSourcesBuildPhase;
			buildActionMask = 2147483647;
			files = (
				B00400A8191AB64600C057A4 /* ColorBattleTests.m in Sources */,
			);
			runOnlyForDeploymentPostprocessing = 0;
		};
/* End PBXSourcesBuildPhase section */

/* Begin PBXTargetDependency section */
		B00400A0191AB64600C057A4 /* PBXTargetDependency */ = {
			isa = PBXTargetDependency;
			target = B004007E191AB64600C057A4 /* ColorBattle */;
			targetProxy = B004009F191AB64600C057A4 /* PBXContainerItemProxy */;
		};
/* End PBXTargetDependency section */

/* Begin PBXVariantGroup section */
		B004008B191AB64600C057A4 /* InfoPlist.strings */ = {
			isa = PBXVariantGroup;
			children = (
				B004008C191AB64600C057A4 /* en */,
			);
			name = InfoPlist.strings;
			sourceTree = "<group>";
		};
		B00400A4191AB64600C057A4 /* InfoPlist.strings */ = {
			isa = PBXVariantGroup;
			children = (
				B00400A5191AB64600C057A4 /* en */,
			);
			name = InfoPlist.strings;
			sourceTree = "<group>";
		};
/* End PBXVariantGroup section */

/* Begin XCBuildConfiguration section */
		B00400A9191AB64600C057A4 /* Debug */ = {
			isa = XCBuildConfiguration;
			buildSettings = {
				ALWAYS_SEARCH_USER_PATHS = NO;
				CLANG_CXX_LANGUAGE_STANDARD = "gnu++0x";
				CLANG_CXX_LIBRARY = "libc++";
				CLANG_ENABLE_MODULES = YES;
				CLANG_ENABLE_OBJC_ARC = YES;
				CLANG_WARN_BOOL_CONVERSION = YES;
				CLANG_WARN_CONSTANT_CONVERSION = YES;
				CLANG_WARN_DIRECT_OBJC_ISA_USAGE = YES_ERROR;
				CLANG_WARN_EMPTY_BODY = YES;
				CLANG_WARN_ENUM_CONVERSION = YES;
				CLANG_WARN_INT_CONVERSION = YES;
				CLANG_WARN_OBJC_ROOT_CLASS = YES_ERROR;
				CLANG_WARN__DUPLICATE_METHOD_MATCH = YES;
				"CODE_SIGN_IDENTITY[sdk=iphoneos*]" = "iPhone Developer";
				COPY_PHASE_STRIP = NO;
				GCC_C_LANGUAGE_STANDARD = gnu99;
				GCC_DYNAMIC_NO_PIC = NO;
				GCC_OPTIMIZATION_LEVEL = 0;
				GCC_PREPROCESSOR_DEFINITIONS = (
					"DEBUG=1",
					"$(inherited)",
				);
				GCC_SYMBOLS_PRIVATE_EXTERN = NO;
				GCC_WARN_64_TO_32_BIT_CONVERSION = YES;
				GCC_WARN_ABOUT_RETURN_TYPE = YES_ERROR;
				GCC_WARN_UNDECLARED_SELECTOR = YES;
				GCC_WARN_UNINITIALIZED_AUTOS = YES_AGGRESSIVE;
				GCC_WARN_UNUSED_FUNCTION = YES;
				GCC_WARN_UNUSED_VARIABLE = YES;
				IPHONEOS_DEPLOYMENT_TARGET = 7.1;
				ONLY_ACTIVE_ARCH = YES;
				SDKROOT = iphoneos;
			};
			name = Debug;
		};
		B00400AA191AB64600C057A4 /* Release */ = {
			isa = XCBuildConfiguration;
			buildSettings = {
				ALWAYS_SEARCH_USER_PATHS = NO;
				CLANG_CXX_LANGUAGE_STANDARD = "gnu++0x";
				CLANG_CXX_LIBRARY = "libc++";
				CLANG_ENABLE_MODULES = YES;
				CLANG_ENABLE_OBJC_ARC = YES;
				CLANG_WARN_BOOL_CONVERSION = YES;
				CLANG_WARN_CONSTANT_CONVERSION = YES;
				CLANG_WARN_DIRECT_OBJC_ISA_USAGE = YES_ERROR;
				CLANG_WARN_EMPTY_BODY = YES;
				CLANG_WARN_ENUM_CONVERSION = YES;
				CLANG_WARN_INT_CONVERSION = YES;
				CLANG_WARN_OBJC_ROOT_CLASS = YES_ERROR;
				CLANG_WARN__DUPLICATE_METHOD_MATCH = YES;
				"CODE_SIGN_IDENTITY[sdk=iphoneos*]" = "iPhone Developer";
				COPY_PHASE_STRIP = YES;
				ENABLE_NS_ASSERTIONS = NO;
				GCC_C_LANGUAGE_STANDARD = gnu99;
				GCC_WARN_64_TO_32_BIT_CONVERSION = YES;
				GCC_WARN_ABOUT_RETURN_TYPE = YES_ERROR;
				GCC_WARN_UNDECLARED_SELECTOR = YES;
				GCC_WARN_UNINITIALIZED_AUTOS = YES_AGGRESSIVE;
				GCC_WARN_UNUSED_FUNCTION = YES;
				GCC_WARN_UNUSED_VARIABLE = YES;
				IPHONEOS_DEPLOYMENT_TARGET = 7.1;
				SDKROOT = iphoneos;
				VALIDATE_PRODUCT = YES;
			};
			name = Release;
		};
		B00400AC191AB64600C057A4 /* Debug */ = {
			isa = XCBuildConfiguration;
			buildSettings = {
				ASSETCATALOG_COMPILER_APPICON_NAME = AppIcon;
				ASSETCATALOG_COMPILER_LAUNCHIMAGE_NAME = LaunchImage;
				GCC_PRECOMPILE_PREFIX_HEADER = YES;
				GCC_PREFIX_HEADER = "ColorBattle/ColorBattle-Prefix.pch";
				INFOPLIST_FILE = "ColorBattle/ColorBattle-Info.plist";
				PRODUCT_NAME = "$(TARGET_NAME)";
				WRAPPER_EXTENSION = app;
			};
			name = Debug;
		};
		B00400AD191AB64600C057A4 /* Release */ = {
			isa = XCBuildConfiguration;
			buildSettings = {
				ASSETCATALOG_COMPILER_APPICON_NAME = AppIcon;
				ASSETCATALOG_COMPILER_LAUNCHIMAGE_NAME = LaunchImage;
				GCC_PRECOMPILE_PREFIX_HEADER = YES;
				GCC_PREFIX_HEADER = "ColorBattle/ColorBattle-Prefix.pch";
				INFOPLIST_FILE = "ColorBattle/ColorBattle-Info.plist";
				PRODUCT_NAME = "$(TARGET_NAME)";
				WRAPPER_EXTENSION = app;
			};
			name = Release;
		};
		B00400AF191AB64600C057A4 /* Debug */ = {
			isa = XCBuildConfiguration;
			buildSettings = {
				BUNDLE_LOADER = "$(BUILT_PRODUCTS_DIR)/ColorBattle.app/ColorBattle";
				FRAMEWORK_SEARCH_PATHS = (
					"$(SDKROOT)/Developer/Library/Frameworks",
					"$(inherited)",
					"$(DEVELOPER_FRAMEWORKS_DIR)",
				);
				GCC_PRECOMPILE_PREFIX_HEADER = YES;
				GCC_PREFIX_HEADER = "ColorBattle/ColorBattle-Prefix.pch";
				GCC_PREPROCESSOR_DEFINITIONS = (
					"DEBUG=1",
					"$(inherited)",
				);
				INFOPLIST_FILE = "ColorBattleTests/ColorBattleTests-Info.plist";
				PRODUCT_NAME = "$(TARGET_NAME)";
				TEST_HOST = "$(BUNDLE_LOADER)";
				WRAPPER_EXTENSION = xctest;
			};
			name = Debug;
		};
		B00400B0191AB64600C057A4 /* Release */ = {
			isa = XCBuildConfiguration;
			buildSettings = {
				BUNDLE_LOADER = "$(BUILT_PRODUCTS_DIR)/ColorBattle.app/ColorBattle";
				FRAMEWORK_SEARCH_PATHS = (
					"$(SDKROOT)/Developer/Library/Frameworks",
					"$(inherited)",
					"$(DEVELOPER_FRAMEWORKS_DIR)",
				);
				GCC_PRECOMPILE_PREFIX_HEADER = YES;
				GCC_PREFIX_HEADER = "ColorBattle/ColorBattle-Prefix.pch";
				INFOPLIST_FILE = "ColorBattleTests/ColorBattleTests-Info.plist";
				PRODUCT_NAME = "$(TARGET_NAME)";
				TEST_HOST = "$(BUNDLE_LOADER)";
				WRAPPER_EXTENSION = xctest;
			};
			name = Release;
		};
/* End XCBuildConfiguration section */

/* Begin XCConfigurationList section */
		B004007A191AB64600C057A4 /* Build configuration list for PBXProject "ColorBattle" */ = {
			isa = XCConfigurationList;
			buildConfigurations = (
				B00400A9191AB64600C057A4 /* Debug */,
				B00400AA191AB64600C057A4 /* Release */,
			);
			defaultConfigurationIsVisible = 0;
			defaultConfigurationName = Release;
		};
		B00400AB191AB64600C057A4 /* Build configuration list for PBXNativeTarget "ColorBattle" */ = {
			isa = XCConfigurationList;
			buildConfigurations = (
				B00400AC191AB64600C057A4 /* Debug */,
				B00400AD191AB64600C057A4 /* Release */,
			);
			defaultConfigurationIsVisible = 0;
		};
		B00400AE191AB64600C057A4 /* Build configuration list for PBXNativeTarget "ColorBattleTests" */ = {
			isa = XCConfigurationList;
			buildConfigurations = (
				B00400AF191AB64600C057A4 /* Debug */,
				B00400B0191AB64600C057A4 /* Release */,
			);
			defaultConfigurationIsVisible = 0;
		};
/* End XCConfigurationList section */
	};
	rootObject = B0040077191AB64600C057A4 /* Project object */;
}
